// !$*UTF8*$!
{
	archiveVersion = 1;
	classes = {
	};
	objectVersion = 46;
	objects = {

/* Begin PBXBuildFile section */
		600DDB4B193FBB0800EF7BA4 /* Foundation.framework in Frameworks */ = {isa = PBXBuildFile; fileRef = 600DDB4A193FBB0800EF7BA4 /* Foundation.framework */; };
		600DDB4D193FBB0800EF7BA4 /* CoreGraphics.framework in Frameworks */ = {isa = PBXBuildFile; fileRef = 600DDB4C193FBB0800EF7BA4 /* CoreGraphics.framework */; };
		600DDB4F193FBB0800EF7BA4 /* UIKit.framework in Frameworks */ = {isa = PBXBuildFile; fileRef = 600DDB4E193FBB0800EF7BA4 /* UIKit.framework */; };
		600DDB55193FBB0800EF7BA4 /* InfoPlist.strings in Resources */ = {isa = PBXBuildFile; fileRef = 600DDB53193FBB0800EF7BA4 /* InfoPlist.strings */; };
		600DDB57193FBB0800EF7BA4 /* main.m in Sources */ = {isa = PBXBuildFile; fileRef = 600DDB56193FBB0800EF7BA4 /* main.m */; };
		600DDB5B193FBB0800EF7BA4 /* EVXAppDelegate.m in Sources */ = {isa = PBXBuildFile; fileRef = 600DDB5A193FBB0800EF7BA4 /* EVXAppDelegate.m */; };
		600DDB5E193FBB0800EF7BA4 /* Main.storyboard in Resources */ = {isa = PBXBuildFile; fileRef = 600DDB5C193FBB0800EF7BA4 /* Main.storyboard */; };
		600DDB61193FBB0800EF7BA4 /* EVXViewController.m in Sources */ = {isa = PBXBuildFile; fileRef = 600DDB60193FBB0800EF7BA4 /* EVXViewController.m */; };
		600DDB63193FBB0900EF7BA4 /* Images.xcassets in Resources */ = {isa = PBXBuildFile; fileRef = 600DDB62193FBB0900EF7BA4 /* Images.xcassets */; };
		600DDB6A193FBB0900EF7BA4 /* XCTest.framework in Frameworks */ = {isa = PBXBuildFile; fileRef = 600DDB69193FBB0900EF7BA4 /* XCTest.framework */; };
		600DDB6B193FBB0900EF7BA4 /* Foundation.framework in Frameworks */ = {isa = PBXBuildFile; fileRef = 600DDB4A193FBB0800EF7BA4 /* Foundation.framework */; };
		600DDB6C193FBB0900EF7BA4 /* UIKit.framework in Frameworks */ = {isa = PBXBuildFile; fileRef = 600DDB4E193FBB0800EF7BA4 /* UIKit.framework */; };
		600DDB74193FBB0900EF7BA4 /* InfoPlist.strings in Resources */ = {isa = PBXBuildFile; fileRef = 600DDB72193FBB0900EF7BA4 /* InfoPlist.strings */; };
		600DDB76193FBB0900EF7BA4 /* ExploreUiStepperTests.m in Sources */ = {isa = PBXBuildFile; fileRef = 600DDB75193FBB0900EF7BA4 /* ExploreUiStepperTests.m */; };
/* End PBXBuildFile section */

/* Begin PBXContainerItemProxy section */
		600DDB6D193FBB0900EF7BA4 /* PBXContainerItemProxy */ = {
			isa = PBXContainerItemProxy;
			containerPortal = 600DDB3F193FBB0800EF7BA4 /* Project object */;
			proxyType = 1;
			remoteGlobalIDString = 600DDB46193FBB0800EF7BA4;
			remoteInfo = ExploreUiStepper;
		};
/* End PBXContainerItemProxy section */

/* Begin PBXFileReference section */
		600DDB47193FBB0800EF7BA4 /* ExploreUiStepper.app */ = {isa = PBXFileReference; explicitFileType = wrapper.application; includeInIndex = 0; path = ExploreUiStepper.app; sourceTree = BUILT_PRODUCTS_DIR; };
		600DDB4A193FBB0800EF7BA4 /* Foundation.framework */ = {isa = PBXFileReference; lastKnownFileType = wrapper.framework; name = Foundation.framework; path = System/Library/Frameworks/Foundation.framework; sourceTree = SDKROOT; };
		600DDB4C193FBB0800EF7BA4 /* CoreGraphics.framework */ = {isa = PBXFileReference; lastKnownFileType = wrapper.framework; name = CoreGraphics.framework; path = System/Library/Frameworks/CoreGraphics.framework; sourceTree = SDKROOT; };
		600DDB4E193FBB0800EF7BA4 /* UIKit.framework */ = {isa = PBXFileReference; lastKnownFileType = wrapper.framework; name = UIKit.framework; path = System/Library/Frameworks/UIKit.framework; sourceTree = SDKROOT; };
		600DDB52193FBB0800EF7BA4 /* ExploreUiStepper-Info.plist */ = {isa = PBXFileReference; lastKnownFileType = text.plist.xml; path = "ExploreUiStepper-Info.plist"; sourceTree = "<group>"; };
		600DDB54193FBB0800EF7BA4 /* en */ = {isa = PBXFileReference; lastKnownFileType = text.plist.strings; name = en; path = en.lproj/InfoPlist.strings; sourceTree = "<group>"; };
		600DDB56193FBB0800EF7BA4 /* main.m */ = {isa = PBXFileReference; lastKnownFileType = sourcecode.c.objc; path = main.m; sourceTree = "<group>"; };
		600DDB58193FBB0800EF7BA4 /* ExploreUiStepper-Prefix.pch */ = {isa = PBXFileReference; lastKnownFileType = sourcecode.c.h; path = "ExploreUiStepper-Prefix.pch"; sourceTree = "<group>"; };
		600DDB59193FBB0800EF7BA4 /* EVXAppDelegate.h */ = {isa = PBXFileReference; lastKnownFileType = sourcecode.c.h; path = EVXAppDelegate.h; sourceTree = "<group>"; };
		600DDB5A193FBB0800EF7BA4 /* EVXAppDelegate.m */ = {isa = PBXFileReference; lastKnownFileType = sourcecode.c.objc; path = EVXAppDelegate.m; sourceTree = "<group>"; };
		600DDB5D193FBB0800EF7BA4 /* Base */ = {isa = PBXFileReference; lastKnownFileType = file.storyboard; name = Base; path = Base.lproj/Main.storyboard; sourceTree = "<group>"; };
		600DDB5F193FBB0800EF7BA4 /* EVXViewController.h */ = {isa = PBXFileReference; lastKnownFileType = sourcecode.c.h; path = EVXViewController.h; sourceTree = "<group>"; };
		600DDB60193FBB0800EF7BA4 /* EVXViewController.m */ = {isa = PBXFileReference; lastKnownFileType = sourcecode.c.objc; path = EVXViewController.m; sourceTree = "<group>"; };
		600DDB62193FBB0900EF7BA4 /* Images.xcassets */ = {isa = PBXFileReference; lastKnownFileType = folder.assetcatalog; path = Images.xcassets; sourceTree = "<group>"; };
		600DDB68193FBB0900EF7BA4 /* ExploreUiStepperTests.xctest */ = {isa = PBXFileReference; explicitFileType = wrapper.cfbundle; includeInIndex = 0; path = ExploreUiStepperTests.xctest; sourceTree = BUILT_PRODUCTS_DIR; };
		600DDB69193FBB0900EF7BA4 /* XCTest.framework */ = {isa = PBXFileReference; lastKnownFileType = wrapper.framework; name = XCTest.framework; path = Library/Frameworks/XCTest.framework; sourceTree = DEVELOPER_DIR; };
		600DDB71193FBB0900EF7BA4 /* ExploreUiStepperTests-Info.plist */ = {isa = PBXFileReference; lastKnownFileType = text.plist.xml; path = "ExploreUiStepperTests-Info.plist"; sourceTree = "<group>"; };
		600DDB73193FBB0900EF7BA4 /* en */ = {isa = PBXFileReference; lastKnownFileType = text.plist.strings; name = en; path = en.lproj/InfoPlist.strings; sourceTree = "<group>"; };
		600DDB75193FBB0900EF7BA4 /* ExploreUiStepperTests.m */ = {isa = PBXFileReference; lastKnownFileType = sourcecode.c.objc; path = ExploreUiStepperTests.m; sourceTree = "<group>"; };
/* End PBXFileReference section */

/* Begin PBXFrameworksBuildPhase section */
		600DDB44193FBB0800EF7BA4 /* Frameworks */ = {
			isa = PBXFrameworksBuildPhase;
			buildActionMask = 2147483647;
			files = (
				600DDB4D193FBB0800EF7BA4 /* CoreGraphics.framework in Frameworks */,
				600DDB4F193FBB0800EF7BA4 /* UIKit.framework in Frameworks */,
				600DDB4B193FBB0800EF7BA4 /* Foundation.framework in Frameworks */,
			);
			runOnlyForDeploymentPostprocessing = 0;
		};
		600DDB65193FBB0900EF7BA4 /* Frameworks */ = {
			isa = PBXFrameworksBuildPhase;
			buildActionMask = 2147483647;
			files = (
				600DDB6A193FBB0900EF7BA4 /* XCTest.framework in Frameworks */,
				600DDB6C193FBB0900EF7BA4 /* UIKit.framework in Frameworks */,
				600DDB6B193FBB0900EF7BA4 /* Foundation.framework in Frameworks */,
			);
			runOnlyForDeploymentPostprocessing = 0;
		};
/* End PBXFrameworksBuildPhase section */

/* Begin PBXGroup section */
		600DDB3E193FBB0800EF7BA4 = {
			isa = PBXGroup;
			children = (
				600DDB50193FBB0800EF7BA4 /* ExploreUiStepper */,
				600DDB6F193FBB0900EF7BA4 /* ExploreUiStepperTests */,
				600DDB49193FBB0800EF7BA4 /* Frameworks */,
				600DDB48193FBB0800EF7BA4 /* Products */,
			);
			sourceTree = "<group>";
		};
		600DDB48193FBB0800EF7BA4 /* Products */ = {
			isa = PBXGroup;
			children = (
				600DDB47193FBB0800EF7BA4 /* ExploreUiStepper.app */,
				600DDB68193FBB0900EF7BA4 /* ExploreUiStepperTests.xctest */,
			);
			name = Products;
			sourceTree = "<group>";
		};
		600DDB49193FBB0800EF7BA4 /* Frameworks */ = {
			isa = PBXGroup;
			children = (
				600DDB4A193FBB0800EF7BA4 /* Foundation.framework */,
				600DDB4C193FBB0800EF7BA4 /* CoreGraphics.framework */,
				600DDB4E193FBB0800EF7BA4 /* UIKit.framework */,
				600DDB69193FBB0900EF7BA4 /* XCTest.framework */,
			);
			name = Frameworks;
			sourceTree = "<group>";
		};
		600DDB50193FBB0800EF7BA4 /* ExploreUiStepper */ = {
			isa = PBXGroup;
			children = (
				600DDB59193FBB0800EF7BA4 /* EVXAppDelegate.h */,
				600DDB5A193FBB0800EF7BA4 /* EVXAppDelegate.m */,
				600DDB5C193FBB0800EF7BA4 /* Main.storyboard */,
				600DDB5F193FBB0800EF7BA4 /* EVXViewController.h */,
				600DDB60193FBB0800EF7BA4 /* EVXViewController.m */,
				600DDB62193FBB0900EF7BA4 /* Images.xcassets */,
				600DDB51193FBB0800EF7BA4 /* Supporting Files */,
			);
			path = ExploreUiStepper;
			sourceTree = "<group>";
		};
		600DDB51193FBB0800EF7BA4 /* Supporting Files */ = {
			isa = PBXGroup;
			children = (
				600DDB52193FBB0800EF7BA4 /* ExploreUiStepper-Info.plist */,
				600DDB53193FBB0800EF7BA4 /* InfoPlist.strings */,
				600DDB56193FBB0800EF7BA4 /* main.m */,
				600DDB58193FBB0800EF7BA4 /* ExploreUiStepper-Prefix.pch */,
			);
			name = "Supporting Files";
			sourceTree = "<group>";
		};
		600DDB6F193FBB0900EF7BA4 /* ExploreUiStepperTests */ = {
			isa = PBXGroup;
			children = (
				600DDB75193FBB0900EF7BA4 /* ExploreUiStepperTests.m */,
				600DDB70193FBB0900EF7BA4 /* Supporting Files */,
			);
			path = ExploreUiStepperTests;
			sourceTree = "<group>";
		};
		600DDB70193FBB0900EF7BA4 /* Supporting Files */ = {
			isa = PBXGroup;
			children = (
				600DDB71193FBB0900EF7BA4 /* ExploreUiStepperTests-Info.plist */,
				600DDB72193FBB0900EF7BA4 /* InfoPlist.strings */,
			);
			name = "Supporting Files";
			sourceTree = "<group>";
		};
/* End PBXGroup section */

/* Begin PBXNativeTarget section */
		600DDB46193FBB0800EF7BA4 /* ExploreUiStepper */ = {
			isa = PBXNativeTarget;
			buildConfigurationList = 600DDB79193FBB0900EF7BA4 /* Build configuration list for PBXNativeTarget "ExploreUiStepper" */;
			buildPhases = (
				600DDB43193FBB0800EF7BA4 /* Sources */,
				600DDB44193FBB0800EF7BA4 /* Frameworks */,
				600DDB45193FBB0800EF7BA4 /* Resources */,
			);
			buildRules = (
			);
			dependencies = (
			);
			name = ExploreUiStepper;
			productName = ExploreUiStepper;
			productReference = 600DDB47193FBB0800EF7BA4 /* ExploreUiStepper.app */;
			productType = "com.apple.product-type.application";
		};
		600DDB67193FBB0900EF7BA4 /* ExploreUiStepperTests */ = {
			isa = PBXNativeTarget;
			buildConfigurationList = 600DDB7C193FBB0900EF7BA4 /* Build configuration list for PBXNativeTarget "ExploreUiStepperTests" */;
			buildPhases = (
				600DDB64193FBB0900EF7BA4 /* Sources */,
				600DDB65193FBB0900EF7BA4 /* Frameworks */,
				600DDB66193FBB0900EF7BA4 /* Resources */,
			);
			buildRules = (
			);
			dependencies = (
				600DDB6E193FBB0900EF7BA4 /* PBXTargetDependency */,
			);
			name = ExploreUiStepperTests;
			productName = ExploreUiStepperTests;
			productReference = 600DDB68193FBB0900EF7BA4 /* ExploreUiStepperTests.xctest */;
			productType = "com.apple.product-type.bundle.unit-test";
		};
/* End PBXNativeTarget section */

/* Begin PBXProject section */
		600DDB3F193FBB0800EF7BA4 /* Project object */ = {
			isa = PBXProject;
			attributes = {
				CLASSPREFIX = EVX;
				LastUpgradeCheck = 0510;
				ORGANIZATIONNAME = evxyz001;
				TargetAttributes = {
					600DDB67193FBB0900EF7BA4 = {
						TestTargetID = 600DDB46193FBB0800EF7BA4;
					};
				};
			};
			buildConfigurationList = 600DDB42193FBB0800EF7BA4 /* Build configuration list for PBXProject "ExploreUiStepper" */;
			compatibilityVersion = "Xcode 3.2";
			developmentRegion = English;
			hasScannedForEncodings = 0;
			knownRegions = (
				en,
				Base,
			);
			mainGroup = 600DDB3E193FBB0800EF7BA4;
			productRefGroup = 600DDB48193FBB0800EF7BA4 /* Products */;
			projectDirPath = "";
			projectRoot = "";
			targets = (
				600DDB46193FBB0800EF7BA4 /* ExploreUiStepper */,
				600DDB67193FBB0900EF7BA4 /* ExploreUiStepperTests */,
			);
		};
/* End PBXProject section */

/* Begin PBXResourcesBuildPhase section */
		600DDB45193FBB0800EF7BA4 /* Resources */ = {
			isa = PBXResourcesBuildPhase;
			buildActionMask = 2147483647;
			files = (
				600DDB63193FBB0900EF7BA4 /* Images.xcassets in Resources */,
				600DDB55193FBB0800EF7BA4 /* InfoPlist.strings in Resources */,
				600DDB5E193FBB0800EF7BA4 /* Main.storyboard in Resources */,
			);
			runOnlyForDeploymentPostprocessing = 0;
		};
		600DDB66193FBB0900EF7BA4 /* Resources */ = {
			isa = PBXResourcesBuildPhase;
			buildActionMask = 2147483647;
			files = (
				600DDB74193FBB0900EF7BA4 /* InfoPlist.strings in Resources */,
			);
			runOnlyForDeploymentPostprocessing = 0;
		};
/* End PBXResourcesBuildPhase section */

/* Begin PBXSourcesBuildPhase section */
		600DDB43193FBB0800EF7BA4 /* Sources */ = {
			isa = PBXSourcesBuildPhase;
			buildActionMask = 2147483647;
			files = (
				600DDB5B193FBB0800EF7BA4 /* EVXAppDelegate.m in Sources */,
				600DDB61193FBB0800EF7BA4 /* EVXViewController.m in Sources */,
				600DDB57193FBB0800EF7BA4 /* main.m in Sources */,
			);
			runOnlyForDeploymentPostprocessing = 0;
		};
		600DDB64193FBB0900EF7BA4 /* Sources */ = {
			isa = PBXSourcesBuildPhase;
			buildActionMask = 2147483647;
			files = (
				600DDB76193FBB0900EF7BA4 /* ExploreUiStepperTests.m in Sources */,
			);
			runOnlyForDeploymentPostprocessing = 0;
		};
/* End PBXSourcesBuildPhase section */

/* Begin PBXTargetDependency section */
		600DDB6E193FBB0900EF7BA4 /* PBXTargetDependency */ = {
			isa = PBXTargetDependency;
			target = 600DDB46193FBB0800EF7BA4 /* ExploreUiStepper */;
			targetProxy = 600DDB6D193FBB0900EF7BA4 /* PBXContainerItemProxy */;
		};
/* End PBXTargetDependency section */

/* Begin PBXVariantGroup section */
		600DDB53193FBB0800EF7BA4 /* InfoPlist.strings */ = {
			isa = PBXVariantGroup;
			children = (
				600DDB54193FBB0800EF7BA4 /* en */,
			);
			name = InfoPlist.strings;
			sourceTree = "<group>";
		};
		600DDB5C193FBB0800EF7BA4 /* Main.storyboard */ = {
			isa = PBXVariantGroup;
			children = (
				600DDB5D193FBB0800EF7BA4 /* Base */,
			);
			name = Main.storyboard;
			sourceTree = "<group>";
		};
		600DDB72193FBB0900EF7BA4 /* InfoPlist.strings */ = {
			isa = PBXVariantGroup;
			children = (
				600DDB73193FBB0900EF7BA4 /* en */,
			);
			name = InfoPlist.strings;
			sourceTree = "<group>";
		};
/* End PBXVariantGroup section */

/* Begin XCBuildConfiguration section */
		600DDB77193FBB0900EF7BA4 /* Debug */ = {
			isa = XCBuildConfiguration;
			buildSettings = {
				ALWAYS_SEARCH_USER_PATHS = NO;
				CLANG_CXX_LANGUAGE_STANDARD = "gnu++0x";
				CLANG_CXX_LIBRARY = "libc++";
				CLANG_ENABLE_MODULES = YES;
				CLANG_ENABLE_OBJC_ARC = YES;
				CLANG_WARN_BOOL_CONVERSION = YES;
				CLANG_WARN_CONSTANT_CONVERSION = YES;
				CLANG_WARN_DIRECT_OBJC_ISA_USAGE = YES_ERROR;
				CLANG_WARN_EMPTY_BODY = YES;
				CLANG_WARN_ENUM_CONVERSION = YES;
				CLANG_WARN_INT_CONVERSION = YES;
				CLANG_WARN_OBJC_ROOT_CLASS = YES_ERROR;
				CLANG_WARN__DUPLICATE_METHOD_MATCH = YES;
				"CODE_SIGN_IDENTITY[sdk=iphoneos*]" = "iPhone Developer";
				COPY_PHASE_STRIP = NO;
				GCC_C_LANGUAGE_STANDARD = gnu99;
				GCC_DYNAMIC_NO_PIC = NO;
				GCC_OPTIMIZATION_LEVEL = 0;
				GCC_PREPROCESSOR_DEFINITIONS = (
					"DEBUG=1",
					"$(inherited)",
				);
				GCC_SYMBOLS_PRIVATE_EXTERN = NO;
				GCC_WARN_64_TO_32_BIT_CONVERSION = YES;
				GCC_WARN_ABOUT_RETURN_TYPE = YES_ERROR;
				GCC_WARN_UNDECLARED_SELECTOR = YES;
				GCC_WARN_UNINITIALIZED_AUTOS = YES_AGGRESSIVE;
				GCC_WARN_UNUSED_FUNCTION = YES;
				GCC_WARN_UNUSED_VARIABLE = YES;
				IPHONEOS_DEPLOYMENT_TARGET = 7.1;
				ONLY_ACTIVE_ARCH = YES;
				SDKROOT = iphoneos;
			};
			name = Debug;
		};
		600DDB78193FBB0900EF7BA4 /* Release */ = {
			isa = XCBuildConfiguration;
			buildSettings = {
				ALWAYS_SEARCH_USER_PATHS = NO;
				CLANG_CXX_LANGUAGE_STANDARD = "gnu++0x";
				CLANG_CXX_LIBRARY = "libc++";
				CLANG_ENABLE_MODULES = YES;
				CLANG_ENABLE_OBJC_ARC = YES;
				CLANG_WARN_BOOL_CONVERSION = YES;
				CLANG_WARN_CONSTANT_CONVERSION = YES;
				CLANG_WARN_DIRECT_OBJC_ISA_USAGE = YES_ERROR;
				CLANG_WARN_EMPTY_BODY = YES;
				CLANG_WARN_ENUM_CONVERSION = YES;
				CLANG_WARN_INT_CONVERSION = YES;
				CLANG_WARN_OBJC_ROOT_CLASS = YES_ERROR;
				CLANG_WARN__DUPLICATE_METHOD_MATCH = YES;
				"CODE_SIGN_IDENTITY[sdk=iphoneos*]" = "iPhone Developer";
				COPY_PHASE_STRIP = YES;
				ENABLE_NS_ASSERTIONS = NO;
				GCC_C_LANGUAGE_STANDARD = gnu99;
				GCC_WARN_64_TO_32_BIT_CONVERSION = YES;
				GCC_WARN_ABOUT_RETURN_TYPE = YES_ERROR;
				GCC_WARN_UNDECLARED_SELECTOR = YES;
				GCC_WARN_UNINITIALIZED_AUTOS = YES_AGGRESSIVE;
				GCC_WARN_UNUSED_FUNCTION = YES;
				GCC_WARN_UNUSED_VARIABLE = YES;
				IPHONEOS_DEPLOYMENT_TARGET = 7.1;
				SDKROOT = iphoneos;
				VALIDATE_PRODUCT = YES;
			};
			name = Release;
		};
		600DDB7A193FBB0900EF7BA4 /* Debug */ = {
			isa = XCBuildConfiguration;
			buildSettings = {
				ASSETCATALOG_COMPILER_APPICON_NAME = AppIcon;
				ASSETCATALOG_COMPILER_LAUNCHIMAGE_NAME = LaunchImage;
				GCC_PRECOMPILE_PREFIX_HEADER = YES;
				GCC_PREFIX_HEADER = "ExploreUiStepper/ExploreUiStepper-Prefix.pch";
				INFOPLIST_FILE = "ExploreUiStepper/ExploreUiStepper-Info.plist";
				PRODUCT_NAME = "$(TARGET_NAME)";
				WRAPPER_EXTENSION = app;
			};
			name = Debug;
		};
		600DDB7B193FBB0900EF7BA4 /* Release */ = {
			isa = XCBuildConfiguration;
			buildSettings = {
				ASSETCATALOG_COMPILER_APPICON_NAME = AppIcon;
				ASSETCATALOG_COMPILER_LAUNCHIMAGE_NAME = LaunchImage;
				GCC_PRECOMPILE_PREFIX_HEADER = YES;
				GCC_PREFIX_HEADER = "ExploreUiStepper/ExploreUiStepper-Prefix.pch";
				INFOPLIST_FILE = "ExploreUiStepper/ExploreUiStepper-Info.plist";
				PRODUCT_NAME = "$(TARGET_NAME)";
				WRAPPER_EXTENSION = app;
			};
			name = Release;
		};
		600DDB7D193FBB0900EF7BA4 /* Debug */ = {
			isa = XCBuildConfiguration;
			buildSettings = {
				BUNDLE_LOADER = "$(BUILT_PRODUCTS_DIR)/ExploreUiStepper.app/ExploreUiStepper";
				FRAMEWORK_SEARCH_PATHS = (
					"$(SDKROOT)/Developer/Library/Frameworks",
					"$(inherited)",
					"$(DEVELOPER_FRAMEWORKS_DIR)",
				);
				GCC_PRECOMPILE_PREFIX_HEADER = YES;
				GCC_PREFIX_HEADER = "ExploreUiStepper/ExploreUiStepper-Prefix.pch";
				GCC_PREPROCESSOR_DEFINITIONS = (
					"DEBUG=1",
					"$(inherited)",
				);
				INFOPLIST_FILE = "ExploreUiStepperTests/ExploreUiStepperTests-Info.plist";
				PRODUCT_NAME = "$(TARGET_NAME)";
				TEST_HOST = "$(BUNDLE_LOADER)";
				WRAPPER_EXTENSION = xctest;
			};
			name = Debug;
		};
		600DDB7E193FBB0900EF7BA4 /* Release */ = {
			isa = XCBuildConfiguration;
			buildSettings = {
				BUNDLE_LOADER = "$(BUILT_PRODUCTS_DIR)/ExploreUiStepper.app/ExploreUiStepper";
				FRAMEWORK_SEARCH_PATHS = (
					"$(SDKROOT)/Developer/Library/Frameworks",
					"$(inherited)",
					"$(DEVELOPER_FRAMEWORKS_DIR)",
				);
				GCC_PRECOMPILE_PREFIX_HEADER = YES;
				GCC_PREFIX_HEADER = "ExploreUiStepper/ExploreUiStepper-Prefix.pch";
				INFOPLIST_FILE = "ExploreUiStepperTests/ExploreUiStepperTests-Info.plist";
				PRODUCT_NAME = "$(TARGET_NAME)";
				TEST_HOST = "$(BUNDLE_LOADER)";
				WRAPPER_EXTENSION = xctest;
			};
			name = Release;
		};
/* End XCBuildConfiguration section */

/* Begin XCConfigurationList section */
		600DDB42193FBB0800EF7BA4 /* Build configuration list for PBXProject "ExploreUiStepper" */ = {
			isa = XCConfigurationList;
			buildConfigurations = (
				600DDB77193FBB0900EF7BA4 /* Debug */,
				600DDB78193FBB0900EF7BA4 /* Release */,
			);
			defaultConfigurationIsVisible = 0;
			defaultConfigurationName = Release;
		};
		600DDB79193FBB0900EF7BA4 /* Build configuration list for PBXNativeTarget "ExploreUiStepper" */ = {
			isa = XCConfigurationList;
			buildConfigurations = (
				600DDB7A193FBB0900EF7BA4 /* Debug */,
				600DDB7B193FBB0900EF7BA4 /* Release */,
			);
			defaultConfigurationIsVisible = 0;
		};
		600DDB7C193FBB0900EF7BA4 /* Build configuration list for PBXNativeTarget "ExploreUiStepperTests" */ = {
			isa = XCConfigurationList;
			buildConfigurations = (
				600DDB7D193FBB0900EF7BA4 /* Debug */,
				600DDB7E193FBB0900EF7BA4 /* Release */,
			);
			defaultConfigurationIsVisible = 0;
		};
/* End XCConfigurationList section */
	};
	rootObject = 600DDB3F193FBB0800EF7BA4 /* Project object */;
}
